
Microsoft Visual Studio Solution File, Format Version 12.00
# Visual Studio 15
Project("{FAE04EC0-301F-11D3-BF4B-00C04F79EFBC}") = "Assembly-CSharp", "Assembly-CSharp.csproj", "{D706DF95-8AFB-6FCB-E9C4-77667F1151E8}"
EndProject
Project("{FAE04EC0-301F-11D3-BF4B-00C04F79EFBC}") = "Assembly-CSharp-Editor", "Assembly-CSharp-Editor.csproj", "{72DBC90A-80C8-8191-6685-6C1083FB927E}"
EndProject
Global
	GlobalSection(SolutionConfigurationPlatforms) = preSolution
		Debug|Any CPU = Debug|Any CPU
		Release|Any CPU = Release|Any CPU
	EndGlobalSection
	GlobalSection(ProjectConfigurationPlatforms) = postSolution
		{D706DF95-8AFB-6FCB-E9C4-77667F1151E8}.Debug|Any CPU.ActiveCfg = Debug|Any CPU
		{D706DF95-8AFB-6FCB-E9C4-77667F1151E8}.Debug|Any CPU.Build.0 = Debug|Any CPU
		{D706DF95-8AFB-6FCB-E9C4-77667F1151E8}.Release|Any CPU.ActiveCfg = Release|Any CPU
		{D706DF95-8AFB-6FCB-E9C4-77667F1151E8}.Release|Any CPU.Build.0 = Release|Any CPU
		{72DBC90A-80C8-8191-6685-6C1083FB927E}.Debug|Any CPU.ActiveCfg = Debug|Any CPU
		{72DBC90A-80C8-8191-6685-6C1083FB927E}.Debug|Any CPU.Build.0 = Debug|Any CPU
		{72DBC90A-80C8-8191-6685-6C1083FB927E}.Release|Any CPU.ActiveCfg = Release|Any CPU
		{72DBC90A-80C8-8191-6685-6C1083FB927E}.Release|Any CPU.Build.0 = Release|Any CPU
	EndGlobalSection
	GlobalSection(SolutionProperties) = preSolution
		HideSolutionNode = FALSE
	EndGlobalSection
EndGlobal
